{
  "name": "searchfood-backend",
  "version": "1.0.0",
  "lockfileVersion": 1,
  "requires": true,
  "dependencies": {
    "accept": {
      "version": "2.1.4",
      "resolved": "http://registry.npm.taobao.org/accept/download/accept-2.1.4.tgz",
      "integrity": "sha1-iHr1TO7lx/RDBGGXHsQAxh0JrLs=",
      "requires": {
        "boom": "5.x.x",
        "hoek": "4.x.x"
      }
    },
    "ammo": {
      "version": "2.0.4",
      "resolved": "http://registry.npm.taobao.org/ammo/download/ammo-2.0.4.tgz",
      "integrity": "sha1-v4CqshFpjqePY+9efxE91dnokX8=",
      "requires": {
        "boom": "5.x.x",
        "hoek": "4.x.x"
      }
    },
    "b64": {
      "version": "3.0.3",
      "resolved": "http://registry.npm.taobao.org/b64/download/b64-3.0.3.tgz",
      "integrity": "sha1-Nq/u4Nk0XwRjh85t6KZwKv5btW4="
    },
    "boom": {
      "version": "5.2.0",
      "resolved": "http://registry.npm.taobao.org/boom/download/boom-5.2.0.tgz",
      "integrity": "sha1-XdnabuOl8wIHdDYpDLcX0/SlTgI=",
      "requires": {
        "hoek": "4.x.x"
      }
    },
    "call": {
      "version": "4.0.2",
      "resolved": "http://registry.npm.taobao.org/call/download/call-4.0.2.tgz",
      "integrity": "sha1-33b19R7o3Ui4VqyEAPfmnm1zmcQ=",
      "requires": {
        "boom": "5.x.x",
        "hoek": "4.x.x"
      }
    },
    "catbox": {
      "version": "7.1.5",
      "resolved": "http://registry.npm.taobao.org/catbox/download/catbox-7.1.5.tgz",
      "integrity": "sha1-xW9+jpVV0nwNwDipbvc+V9GGux8=",
      "requires": {
        "boom": "5.x.x",
        "hoek": "4.x.x",
        "joi": "10.x.x"
      },
      "dependencies": {
        "joi": {
          "version": "10.6.0",
          "resolved": "http://registry.npm.taobao.org/joi/download/joi-10.6.0.tgz",
          "integrity": "sha1-Ulh/AtUri3XNsMdPCxZKGRoOH8I=",
          "requires": {
            "hoek": "4.x.x",
            "isemail": "2.x.x",
            "items": "2.x.x",
            "topo": "2.x.x"
          }
        }
      }
    },
    "catbox-memory": {
      "version": "2.0.4",
      "resolved": "http://registry.npm.taobao.org/catbox-memory/download/catbox-memory-2.0.4.tgz",
      "integrity": "sha1-Qz4lWQLK9UIz0ShkKcj03xToItU=",
      "requires": {
        "hoek": "4.x.x"
      }
    },
    "content": {
      "version": "3.0.7",
      "resolved": "http://registry.npm.taobao.org/content/download/content-3.0.7.tgz",
      "integrity": "sha1-DLuI6CcC01zPWYALit1gm7XB38I=",
      "requires": {
        "boom": "5.x.x"
      }
    },
    "cryptiles": {
      "version": "3.1.4",
      "resolved": "http://registry.npm.taobao.org/cryptiles/download/cryptiles-3.1.4.tgz",
      "integrity": "sha1-dppoyVYStW+q386/V6yGR5y+gyI=",
      "requires": {
        "boom": "5.x.x"
      }
    },
    "hapi": {
      "version": "16.7.0",
      "resolved": "http://registry.npm.taobao.org/hapi/download/hapi-16.7.0.tgz",
      "integrity": "sha1-O7OVF5cd+B6BmOwEdRRV6LbLCHE=",
      "requires": {
        "accept": "2.x.x",
        "ammo": "2.x.x",
        "boom": "5.x.x",
        "call": "4.x.x",
        "catbox": "7.x.x",
        "catbox-memory": "2.x.x",
        "cryptiles": "3.x.x",
        "heavy": "4.x.x",
        "hoek": "4.x.x",
        "iron": "4.x.x",
        "items": "2.x.x",
        "joi": "11.x.x",
        "mimos": "3.x.x",
        "podium": "1.x.x",
        "shot": "3.x.x",
        "somever": "1.x.x",
        "statehood": "5.x.x",
        "subtext": "5.x.x",
        "topo": "2.x.x"
      }
    },
    "heavy": {
      "version": "4.0.4",
      "resolved": "http://registry.npm.taobao.org/heavy/download/heavy-4.0.4.tgz",
      "integrity": "sha1-NskTNsAMz+hSyqTRUwhjNc0vAOk=",
      "requires": {
        "boom": "5.x.x",
        "hoek": "4.x.x",
        "joi": "10.x.x"
      },
      "dependencies": {
        "joi": {
          "version": "10.6.0",
          "resolved": "http://registry.npm.taobao.org/joi/download/joi-10.6.0.tgz",
          "integrity": "sha1-Ulh/AtUri3XNsMdPCxZKGRoOH8I=",
          "requires": {
            "hoek": "4.x.x",
            "isemail": "2.x.x",
            "items": "2.x.x",
            "topo": "2.x.x"
          }
        }
      }
    },
    "hoek": {
      "version": "4.2.1",
      "resolved": "http://registry.npm.taobao.org/hoek/download/hoek-4.2.1.tgz",
      "integrity": "sha1-ljRQKqEsRF3Vp8VzS1cruHOKrLs="
    },
    "iron": {
      "version": "4.0.5",
      "resolved": "http://registry.npm.taobao.org/iron/download/iron-4.0.5.tgz",
      "integrity": "sha1-TwQszri5c480a1mqc0yDqJvDFCg=",
      "requires": {
        "boom": "5.x.x",
        "cryptiles": "3.x.x",
        "hoek": "4.x.x"
      }
    },
    "isemail": {
      "version": "2.2.1",
      "resolved": "http://registry.npm.taobao.org/isemail/download/isemail-2.2.1.tgz",
      "integrity": "sha1-A1PT2aYpUQgMJiwqoKQrjqjp4qY="
    },
    "items": {
      "version": "2.1.2",
      "resolved": "http://registry.npm.taobao.org/items/download/items-2.1.2.tgz",
      "integrity": "sha1-CEk1RZWAXVhtrJjn5uhVVuqDhVg="
    },
    "joi": {
      "version": "11.4.0",
      "resolved": "http://registry.npm.taobao.org/joi/download/joi-11.4.0.tgz",
      "integrity": "sha1-9nSJdTe2JemsPQt+FgTIKK2RPMs=",
      "requires": {
        "hoek": "4.x.x",
        "isemail": "3.x.x",
        "topo": "2.x.x"
      },
      "dependencies": {
        "isemail": {
          "version": "3.2.0",
          "resolved": "http://registry.npm.taobao.org/isemail/download/isemail-3.2.0.tgz",
          "integrity": "sha1-WTEKAhkxqfsGu7UeFVzgs/I2gyw=",
          "requires": {
            "punycode": "2.x.x"
          }
        }
      }
    },
    "mime-db": {
      "version": "1.37.0",
      "resolved": "http://registry.npm.taobao.org/mime-db/download/mime-db-1.37.0.tgz",
      "integrity": "sha1-C2oM5v2+lXbiXx8tL96IMNwK0Ng="
    },
    "mimos": {
      "version": "3.0.3",
      "resolved": "http://registry.npm.taobao.org/mimos/download/mimos-3.0.3.tgz",
      "integrity": "sha1-uRCQcq03jCty9qAQHEPd+ys2ZB8=",
      "requires": {
        "hoek": "4.x.x",
        "mime-db": "1.x.x"
      }
    },
    "nigel": {
      "version": "2.0.2",
      "resolved": "http://registry.npm.taobao.org/nigel/download/nigel-2.0.2.tgz",
      "integrity": "sha1-k6GGb7DFLYc5CqdeKxYfS1x15bE=",
      "requires": {
        "hoek": "4.x.x",
        "vise": "2.x.x"
      }
    },
    "pez": {
      "version": "2.1.5",
      "resolved": "http://registry.npm.taobao.org/pez/download/pez-2.1.5.tgz",
      "integrity": "sha1-XsLMYlAMw+tCNtSkFM9aF7XrUAc=",
      "requires": {
        "b64": "3.x.x",
        "boom": "5.x.x",
        "content": "3.x.x",
        "hoek": "4.x.x",
        "nigel": "2.x.x"
      }
    },
    "podium": {
      "version": "1.3.0",
      "resolved": "http://registry.npm.taobao.org/podium/download/podium-1.3.0.tgz",
      "integrity": "sha1-PEkPVNFvEPUmDL6YZB8ctzOohRw=",
      "requires": {
        "hoek": "4.x.x",
        "items": "2.x.x",
        "joi": "10.x.x"
      },
      "dependencies": {
        "joi": {
          "version": "10.6.0",
          "resolved": "http://registry.npm.taobao.org/joi/download/joi-10.6.0.tgz",
          "integrity": "sha1-Ulh/AtUri3XNsMdPCxZKGRoOH8I=",
          "requires": {
            "hoek": "4.x.x",
            "isemail": "2.x.x",
            "items": "2.x.x",
            "topo": "2.x.x"
          }
        }
      }
    },
    "punycode": {
      "version": "2.1.1",
      "resolved": "http://registry.npm.taobao.org/punycode/download/punycode-2.1.1.tgz",
      "integrity": "sha1-tYsBCsQMIsVldhbI0sLALHv0eew="
    },
    "shot": {
      "version": "3.4.2",
      "resolved": "http://registry.npm.taobao.org/shot/download/shot-3.4.2.tgz",
      "integrity": "sha1-Hlw/bysmZJrcQvfrNQIUpaApHWc=",
      "requires": {
        "hoek": "4.x.x",
        "joi": "10.x.x"
      },
      "dependencies": {
        "joi": {
          "version": "10.6.0",
          "resolved": "http://registry.npm.taobao.org/joi/download/joi-10.6.0.tgz",
          "integrity": "sha1-Ulh/AtUri3XNsMdPCxZKGRoOH8I=",
          "requires": {
            "hoek": "4.x.x",
            "isemail": "2.x.x",
            "items": "2.x.x",
            "topo": "2.x.x"
          }
        }
      }
    },
    "somever": {
      "version": "1.0.1",
      "resolved": "http://registry.npm.taobao.org/somever/download/somever-1.0.1.tgz",
      "integrity": "sha1-KKXH3g1V94GvUvvOmWDbG4TOIG4=",
      "requires": {
        "hoek": "4.x.x"
      }
    },
    "statehood": {
      "version": "5.0.3",
      "resolved": "http://registry.npm.taobao.org/statehood/download/statehood-5.0.3.tgz",
      "integrity": "sha1-wHp1Yg21N5tg0u3Uf1OAAqisfdY=",
      "requires": {
        "boom": "5.x.x",
        "cryptiles": "3.x.x",
        "hoek": "4.x.x",
        "iron": "4.x.x",
        "items": "2.x.x",
        "joi": "10.x.x"
      },
      "dependencies": {
        "joi": {
          "version": "10.6.0",
          "resolved": "http://registry.npm.taobao.org/joi/download/joi-10.6.0.tgz",
          "integrity": "sha1-Ulh/AtUri3XNsMdPCxZKGRoOH8I=",
          "requires": {
            "hoek": "4.x.x",
            "isemail": "2.x.x",
            "items": "2.x.x",
            "topo": "2.x.x"
          }
        }
      }
    },
    "subtext": {
      "version": "5.0.0",
      "resolved": "http://registry.npm.taobao.org/subtext/download/subtext-5.0.0.tgz",
      "integrity": "sha1-nD8IMBi7FYaxZ62M/YcIP1zN/g8=",
      "requires": {
        "boom": "5.x.x",
        "content": "3.x.x",
        "hoek": "4.x.x",
        "pez": "2.x.x",
        "wreck": "12.x.x"
      }
    },
    "topo": {
      "version": "2.0.2",
      "resolved": "http://registry.npm.taobao.org/topo/download/topo-2.0.2.tgz",
      "integrity": "sha1-zVYVdSU5BXwNwEkaYhw7xvvh0YI=",
      "requires": {
        "hoek": "4.x.x"
      }
    },
    "vise": {
      "version": "2.0.2",
      "resolved": "http://registry.npm.taobao.org/vise/download/vise-2.0.2.tgz",
      "integrity": "sha1-awjo+0y3bjpQzW3Q7DczjoEaDTk=",
      "requires": {
        "hoek": "4.x.x"
      }
    },
    "wreck": {
      "version": "12.5.1",
      "resolved": "http://registry.npm.taobao.org/wreck/download/wreck-12.5.1.tgz",
      "integrity": "sha1-zS/84WdEnh8CQu2c+AVS4g+2kCo=",
      "requires": {
        "boom": "5.x.x",
        "hoek": "4.x.x"
      }
    }
  }
}
